// !$*UTF8*$!
{
	archiveVersion = 1;
	classes = {
	};
	objectVersion = 50;
	objects = {

/* Begin PBXBuildFile section */
		3DD3ACF524F484BE00C395F9 /* AppDelegate.swift in Sources */ = {isa = PBXBuildFile; fileRef = 3DD3ACF424F484BE00C395F9 /* AppDelegate.swift */; };
		3DD3ACF724F484BE00C395F9 /* SceneDelegate.swift in Sources */ = {isa = PBXBuildFile; fileRef = 3DD3ACF624F484BE00C395F9 /* SceneDelegate.swift */; };
		3DD3ACF924F484BE00C395F9 /* ViewController.swift in Sources */ = {isa = PBXBuildFile; fileRef = 3DD3ACF824F484BE00C395F9 /* ViewController.swift */; };
		3DD3ACFC24F484BE00C395F9 /* Main.storyboard in Resources */ = {isa = PBXBuildFile; fileRef = 3DD3ACFA24F484BE00C395F9 /* Main.storyboard */; };
		3DD3ACFE24F484BE00C395F9 /* Assets.xcassets in Resources */ = {isa = PBXBuildFile; fileRef = 3DD3ACFD24F484BE00C395F9 /* Assets.xcassets */; };
		3DD3AD0124F484BE00C395F9 /* LaunchScreen.storyboard in Resources */ = {isa = PBXBuildFile; fileRef = 3DD3ACFF24F484BE00C395F9 /* LaunchScreen.storyboard */; };
		3DD3AD0C24F4855500C395F9 /* Question.swift in Sources */ = {isa = PBXBuildFile; fileRef = 3DD3AD0B24F4855500C395F9 /* Question.swift */; };
		3DD3AD0E24F4856100C395F9 /* QuestionManager.swift in Sources */ = {isa = PBXBuildFile; fileRef = 3DD3AD0D24F4856100C395F9 /* QuestionManager.swift */; };
/* End PBXBuildFile section */

/* Begin PBXFileReference section */
		3DD3ACF124F484BE00C395F9 /* Quiz App.app */ = {isa = PBXFileReference; explicitFileType = wrapper.application; includeInIndex = 0; path = "Quiz App.app"; sourceTree = BUILT_PRODUCTS_DIR; };
		3DD3ACF424F484BE00C395F9 /* AppDelegate.swift */ = {isa = PBXFileReference; lastKnownFileType = sourcecode.swift; path = AppDelegate.swift; sourceTree = "<group>"; };
		3DD3ACF624F484BE00C395F9 /* SceneDelegate.swift */ = {isa = PBXFileReference; lastKnownFileType = sourcecode.swift; path = SceneDelegate.swift; sourceTree = "<group>"; };
		3DD3ACF824F484BE00C395F9 /* ViewController.swift */ = {isa = PBXFileReference; lastKnownFileType = sourcecode.swift; path = ViewController.swift; sourceTree = "<group>"; };
		3DD3ACFB24F484BE00C395F9 /* Base */ = {isa = PBXFileReference; lastKnownFileType = file.storyboard; name = Base; path = Base.lproj/Main.storyboard; sourceTree = "<group>"; };
		3DD3ACFD24F484BE00C395F9 /* Assets.xcassets */ = {isa = PBXFileReference; lastKnownFileType = folder.assetcatalog; path = Assets.xcassets; sourceTree = "<group>"; };
		3DD3AD0024F484BE00C395F9 /* Base */ = {isa = PBXFileReference; lastKnownFileType = file.storyboard; name = Base; path = Base.lproj/LaunchScreen.storyboard; sourceTree = "<group>"; };
		3DD3AD0224F484BE00C395F9 /* Info.plist */ = {isa = PBXFileReference; lastKnownFileType = text.plist.xml; path = Info.plist; sourceTree = "<group>"; };
		3DD3AD0B24F4855500C395F9 /* Question.swift */ = {isa = PBXFileReference; lastKnownFileType = sourcecode.swift; path = Question.swift; sourceTree = "<group>"; };
		3DD3AD0D24F4856100C395F9 /* QuestionManager.swift */ = {isa = PBXFileReference; lastKnownFileType = sourcecode.swift; path = QuestionManager.swift; sourceTree = "<group>"; };
/* End PBXFileReference section */

/* Begin PBXFrameworksBuildPhase section */
		3DD3ACEE24F484BE00C395F9 /* Frameworks */ = {
			isa = PBXFrameworksBuildPhase;
			buildActionMask = 2147483647;
			files = (
			);
			runOnlyForDeploymentPostprocessing = 0;
		};
/* End PBXFrameworksBuildPhase section */

/* Begin PBXGroup section */
		3DD3ACE824F484BE00C395F9 = {
			isa = PBXGroup;
			children = (
				3DD3ACF324F484BE00C395F9 /* Quiz App */,
				3DD3ACF224F484BE00C395F9 /* Products */,
			);
			sourceTree = "<group>";
		};
		3DD3ACF224F484BE00C395F9 /* Products */ = {
			isa = PBXGroup;
			children = (
				3DD3ACF124F484BE00C395F9 /* Quiz App.app */,
			);
			name = Products;
			sourceTree = "<group>";
		};
		3DD3ACF324F484BE00C395F9 /* Quiz App */ = {
			isa = PBXGroup;
			children = (
				3DD3ACF424F484BE00C395F9 /* AppDelegate.swift */,
				3DD3ACF624F484BE00C395F9 /* SceneDelegate.swift */,
				3DD3AD0824F484E900C395F9 /* Model */,
				3DD3AD0924F4851500C395F9 /* View */,
				3DD3AD0A24F4852100C395F9 /* Controller */,
				3DD3ACFD24F484BE00C395F9 /* Assets.xcassets */,
				3DD3ACFF24F484BE00C395F9 /* LaunchScreen.storyboard */,
				3DD3AD0224F484BE00C395F9 /* Info.plist */,
			);
			path = "Quiz App";
			sourceTree = "<group>";
		};
		3DD3AD0824F484E900C395F9 /* Model */ = {
			isa = PBXGroup;
			children = (
				3DD3AD0B24F4855500C395F9 /* Question.swift */,
				3DD3AD0D24F4856100C395F9 /* QuestionManager.swift */,
			);
			path = Model;
			sourceTree = "<group>";
		};
		3DD3AD0924F4851500C395F9 /* View */ = {
			isa = PBXGroup;
			children = (
				3DD3ACFA24F484BE00C395F9 /* Main.storyboard */,
			);
			path = View;
			sourceTree = "<group>";
		};
		3DD3AD0A24F4852100C395F9 /* Controller */ = {
			isa = PBXGroup;
			children = (
				3DD3ACF824F484BE00C395F9 /* ViewController.swift */,
			);
			path = Controller;
			sourceTree = "<group>";
		};
/* End PBXGroup section */

/* Begin PBXNativeTarget section */
		3DD3ACF024F484BE00C395F9 /* Quiz App */ = {
			isa = PBXNativeTarget;
			buildConfigurationList = 3DD3AD0524F484BE00C395F9 /* Build configuration list for PBXNativeTarget "Quiz App" */;
			buildPhases = (
				3DD3ACED24F484BE00C395F9 /* Sources */,
				3DD3ACEE24F484BE00C395F9 /* Frameworks */,
				3DD3ACEF24F484BE00C395F9 /* Resources */,
			);
			buildRules = (
			);
			dependencies = (
			);
			name = "Quiz App";
			productName = "Quiz App";
			productReference = 3DD3ACF124F484BE00C395F9 /* Quiz App.app */;
			productType = "com.apple.product-type.application";
		};
/* End PBXNativeTarget section */

/* Begin PBXProject section */
		3DD3ACE924F484BE00C395F9 /* Project object */ = {
			isa = PBXProject;
			attributes = {
				LastSwiftUpdateCheck = 1160;
				LastUpgradeCheck = 1160;
				ORGANIZATIONNAME = "Anshul Gupta";
				TargetAttributes = {
					3DD3ACF024F484BE00C395F9 = {
						CreatedOnToolsVersion = 11.6;
					};
				};
			};
			buildConfigurationList = 3DD3ACEC24F484BE00C395F9 /* Build configuration list for PBXProject "Quiz App" */;
			compatibilityVersion = "Xcode 9.3";
			developmentRegion = en;
			hasScannedForEncodings = 0;
			knownRegions = (
				en,
				Base,
			);
			mainGroup = 3DD3ACE824F484BE00C395F9;
			productRefGroup = 3DD3ACF224F484BE00C395F9 /* Products */;
			projectDirPath = "";
			projectRoot = "";
			targets = (
				3DD3ACF024F484BE00C395F9 /* Quiz App */,
			);
		};
/* End PBXProject section */

/* Begin PBXResourcesBuildPhase section */
		3DD3ACEF24F484BE00C395F9 /* Resources */ = {
			isa = PBXResourcesBuildPhase;
			buildActionMask = 2147483647;
			files = (
				3DD3AD0124F484BE00C395F9 /* LaunchScreen.storyboard in Resources */,
				3DD3ACFE24F484BE00C395F9 /* Assets.xcassets in Resources */,
				3DD3ACFC24F484BE00C395F9 /* Main.storyboard in Resources */,
			);
			runOnlyForDeploymentPostprocessing = 0;
		};
/* End PBXResourcesBuildPhase section */

/* Begin PBXSourcesBuildPhase section */
		3DD3ACED24F484BE00C395F9 /* Sources */ = {
			isa = PBXSourcesBuildPhase;
			buildActionMask = 2147483647;
			files = (
				3DD3ACF924F484BE00C395F9 /* ViewController.swift in Sources */,
				3DD3AD0C24F4855500C395F9 /* Question.swift in Sources */,
				3DD3ACF524F484BE00C395F9 /* AppDelegate.swift in Sources */,
				3DD3AD0E24F4856100C395F9 /* QuestionManager.swift in Sources */,
				3DD3ACF724F484BE00C395F9 /* SceneDelegate.swift in Sources */,
			);
			runOnlyForDeploymentPostprocessing = 0;
		};
/* End PBXSourcesBuildPhase section */

/* Begin PBXVariantGroup section */
		3DD3ACFA24F484BE00C395F9 /* Main.storyboard */ = {
			isa = PBXVariantGroup;
			children = (
				3DD3ACFB24F484BE00C395F9 /* Base */,
			);
			name = Main.storyboard;
			sourceTree = "<group>";
		};
		3DD3ACFF24F484BE00C395F9 /* LaunchScreen.storyboard */ = {
			isa = PBXVariantGroup;
			children = (
				3DD3AD0024F484BE00C395F9 /* Base */,
			);
			name = LaunchScreen.storyboard;
			sourceTree = "<group>";
		};
/* End PBXVariantGroup section */

/* Begin XCBuildConfiguration section */
		3DD3AD0324F484BE00C395F9 /* Debug */ = {
			isa = XCBuildConfiguration;
			buildSettings = {
				ALWAYS_SEARCH_USER_PATHS = NO;
				CLANG_ANALYZER_NONNULL = YES;
				CLANG_ANALYZER_NUMBER_OBJECT_CONVERSION = YES_AGGRESSIVE;
				CLANG_CXX_LANGUAGE_STANDARD = "gnu++14";
				CLANG_CXX_LIBRARY = "libc++";
				CLANG_ENABLE_MODULES = YES;
				CLANG_ENABLE_OBJC_ARC = YES;
				CLANG_ENABLE_OBJC_WEAK = YES;
				CLANG_WARN_BLOCK_CAPTURE_AUTORELEASING = YES;
				CLANG_WARN_BOOL_CONVERSION = YES;
				CLANG_WARN_COMMA = YES;
				CLANG_WARN_CONSTANT_CONVERSION = YES;
				CLANG_WARN_DEPRECATED_OBJC_IMPLEMENTATIONS = YES;
				CLANG_WARN_DIRECT_OBJC_ISA_USAGE = YES_ERROR;
				CLANG_WARN_DOCUMENTATION_COMMENTS = YES;
				CLANG_WARN_EMPTY_BODY = YES;
				CLANG_WARN_ENUM_CONVERSION = YES;
				CLANG_WARN_INFINITE_RECURSION = YES;
				CLANG_WARN_INT_CONVERSION = YES;
				CLANG_WARN_NON_LITERAL_NULL_CONVERSION = YES;
				CLANG_WARN_OBJC_IMPLICIT_RETAIN_SELF = YES;
				CLANG_WARN_OBJC_LITERAL_CONVERSION = YES;
				CLANG_WARN_OBJC_ROOT_CLASS = YES_ERROR;
				CLANG_WARN_RANGE_LOOP_ANALYSIS = YES;
				CLANG_WARN_STRICT_PROTOTYPES = YES;
				CLANG_WARN_SUSPICIOUS_MOVE = YES;
				CLANG_WARN_UNGUARDED_AVAILABILITY = YES_AGGRESSIVE;
				CLANG_WARN_UNREACHABLE_CODE = YES;
				CLANG_WARN__DUPLICATE_METHOD_MATCH = YES;
				COPY_PHASE_STRIP = NO;
				DEBUG_INFORMATION_FORMAT = dwarf;
				ENABLE_STRICT_OBJC_MSGSEND = YES;
				ENABLE_TESTABILITY = YES;
				GCC_C_LANGUAGE_STANDARD = gnu11;
				GCC_DYNAMIC_NO_PIC = NO;
				GCC_NO_COMMON_BLOCKS = YES;
				GCC_OPTIMIZATION_LEVEL = 0;
				GCC_PREPROCESSOR_DEFINITIONS = (
					"DEBUG=1",
					"$(inherited)",
				);
				GCC_WARN_64_TO_32_BIT_CONVERSION = YES;
				GCC_WARN_ABOUT_RETURN_TYPE = YES_ERROR;
				GCC_WARN_UNDECLARED_SELECTOR = YES;
				GCC_WARN_UNINITIALIZED_AUTOS = YES_AGGRESSIVE;
				GCC_WARN_UNUSED_FUNCTION = YES;
				GCC_WARN_UNUSED_VARIABLE = YES;
				IPHONEOS_DEPLOYMENT_TARGET = 13.6;
				MTL_ENABLE_DEBUG_INFO = INCLUDE_SOURCE;
				MTL_FAST_MATH = YES;
				ONLY_ACTIVE_ARCH = YES;
				SDKROOT = iphoneos;
				SWIFT_ACTIVE_COMPILATION_CONDITIONS = DEBUG;
				SWIFT_OPTIMIZATION_LEVEL = "-Onone";
			};
			name = Debug;
		};
		3DD3AD0424F484BE00C395F9 /* Release */ = {
			isa = XCBuildConfiguration;
			buildSettings = {
				ALWAYS_SEARCH_USER_PATHS = NO;
				CLANG_ANALYZER_NONNULL = YES;
				CLANG_ANALYZER_NUMBER_OBJECT_CONVERSION = YES_AGGRESSIVE;
				CLANG_CXX_LANGUAGE_STANDARD = "gnu++14";
				CLANG_CXX_LIBRARY = "libc++";
				CLANG_ENABLE_MODULES = YES;
				CLANG_ENABLE_OBJC_ARC = YES;
				CLANG_ENABLE_OBJC_WEAK = YES;
				CLANG_WARN_BLOCK_CAPTURE_AUTORELEASING = YES;
				CLANG_WARN_BOOL_CONVERSION = YES;
				CLANG_WARN_COMMA = YES;
				CLANG_WARN_CONSTANT_CONVERSION = YES;
				CLANG_WARN_DEPRECATED_OBJC_IMPLEMENTATIONS = YES;
				CLANG_WARN_DIRECT_OBJC_ISA_USAGE = YES_ERROR;
				CLANG_WARN_DOCUMENTATION_COMMENTS = YES;
				CLANG_WARN_EMPTY_BODY = YES;
				CLANG_WARN_ENUM_CONVERSION = YES;
				CLANG_WARN_INFINITE_RECURSION = YES;
				CLANG_WARN_INT_CONVERSION = YES;
				CLANG_WARN_NON_LITERAL_NULL_CONVERSION = YES;
				CLANG_WARN_OBJC_IMPLICIT_RETAIN_SELF = YES;
				CLANG_WARN_OBJC_LITERAL_CONVERSION = YES;
				CLANG_WARN_OBJC_ROOT_CLASS = YES_ERROR;
				CLANG_WARN_RANGE_LOOP_ANALYSIS = YES;
				CLANG_WARN_STRICT_PROTOTYPES = YES;
				CLANG_WARN_SUSPICIOUS_MOVE = YES;
				CLANG_WARN_UNGUARDED_AVAILABILITY = YES_AGGRESSIVE;
				CLANG_WARN_UNREACHABLE_CODE = YES;
				CLANG_WARN__DUPLICATE_METHOD_MATCH = YES;
				COPY_PHASE_STRIP = NO;
				DEBUG_INFORMATION_FORMAT = "dwarf-with-dsym";
				ENABLE_NS_ASSERTIONS = NO;
				ENABLE_STRICT_OBJC_MSGSEND = YES;
				GCC_C_LANGUAGE_STANDARD = gnu11;
				GCC_NO_COMMON_BLOCKS = YES;
				GCC_WARN_64_TO_32_BIT_CONVERSION = YES;
				GCC_WARN_ABOUT_RETURN_TYPE = YES_ERROR;
				GCC_WARN_UNDECLARED_SELECTOR = YES;
				GCC_WARN_UNINITIALIZED_AUTOS = YES_AGGRESSIVE;
				GCC_WARN_UNUSED_FUNCTION = YES;
				GCC_WARN_UNUSED_VARIABLE = YES;
				IPHONEOS_DEPLOYMENT_TARGET = 13.6;
				MTL_ENABLE_DEBUG_INFO = NO;
				MTL_FAST_MATH = YES;
				SDKROOT = iphoneos;
				SWIFT_COMPILATION_MODE = wholemodule;
				SWIFT_OPTIMIZATION_LEVEL = "-O";
				VALIDATE_PRODUCT = YES;
			};
			name = Release;
		};
		3DD3AD0624F484BE00C395F9 /* Debug */ = {
			isa = XCBuildConfiguration;
			buildSettings = {
				ASSETCATALOG_COMPILER_APPICON_NAME = AppIcon;
				CODE_SIGN_STYLE = Automatic;
				DEVELOPMENT_TEAM = 55SSX5F8YA;
				INFOPLIST_FILE = "Quiz App/Info.plist";
				IPHONEOS_DEPLOYMENT_TARGET = 13.5;
				LD_RUNPATH_SEARCH_PATHS = (
					"$(inherited)",
					"@executable_path/Frameworks",
				);
				PRODUCT_BUNDLE_IDENTIFIER = "com.anshulgupta.Quiz-App";
				PRODUCT_NAME = "$(TARGET_NAME)";
				SWIFT_VERSION = 5.0;
				TARGETED_DEVICE_FAMILY = "1,2";
			};
			name = Debug;
		};
		3DD3AD0724F484BE00C395F9 /* Release */ = {
			isa = XCBuildConfiguration;
			buildSettings = {
				ASSETCATALOG_COMPILER_APPICON_NAME = AppIcon;
				CODE_SIGN_STYLE = Automatic;
				DEVELOPMENT_TEAM = 55SSX5F8YA;
				INFOPLIST_FILE = "Quiz App/Info.plist";
				IPHONEOS_DEPLOYMENT_TARGET = 13.5;
				LD_RUNPATH_SEARCH_PATHS = (
					"$(inherited)",
					"@executable_path/Frameworks",
				);
				PRODUCT_BUNDLE_IDENTIFIER = "com.anshulgupta.Quiz-App";
				PRODUCT_NAME = "$(TARGET_NAME)";
				SWIFT_VERSION = 5.0;
				TARGETED_DEVICE_FAMILY = "1,2";
			};
			name = Release;
		};
/* End XCBuildConfiguration section */

/* Begin XCConfigurationList section */
		3DD3ACEC24F484BE00C395F9 /* Build configuration list for PBXProject "Quiz App" */ = {
			isa = XCConfigurationList;
			buildConfigurations = (
				3DD3AD0324F484BE00C395F9 /* Debug */,
				3DD3AD0424F484BE00C395F9 /* Release */,
			);
			defaultConfigurationIsVisible = 0;
			defaultConfigurationName = Release;
		};
		3DD3AD0524F484BE00C395F9 /* Build configuration list for PBXNativeTarget "Quiz App" */ = {
			isa = XCConfigurationList;
			buildConfigurations = (
				3DD3AD0624F484BE00C395F9 /* Debug */,
				3DD3AD0724F484BE00C395F9 /* Release */,
			);
			defaultConfigurationIsVisible = 0;
			defaultConfigurationName = Release;
		};
/* End XCConfigurationList section */
	};
	rootObject = 3DD3ACE924F484BE00C395F9 /* Project object */;
}
